
Microsoft Visual Studio Solution File, Format Version 12.00
# Visual Studio Version 17
VisualStudioVersion = 17.2.32630.192
MinimumVisualStudioVersion = 10.0.40219.1
Project("{9A19103F-16F7-4668-BE54-9A1E7A4F7556}") = "R5T.S0055", "R5T.S0055\R5T.S0055.csproj", "{966B78E5-B2A7-451E-BDEA-5C461E8AD490}"
EndProject
Project("{2150E333-8FDC-42A3-9474-1A3956D46DE8}") = "_Dependencies", "_Dependencies", "{004019C2-95D1-4039-B380-D375BE278754}"
EndProject
Project("{9A19103F-16F7-4668-BE54-9A1E7A4F7556}") = "R5T.F0090", "..\..\R5T.F0090\source\R5T.F0090\R5T.F0090.csproj", "{6427A9B4-9827-4139-9A8E-D3B6EBA26615}"
EndProject
Project("{9A19103F-16F7-4668-BE54-9A1E7A4F7556}") = "R5T.F0000", "..\..\R5T.F0000\source\R5T.F0000\R5T.F0000.csproj", "{FB88CD7E-A067-4C7B-9F0D-9FECB42ABE37}"
EndProject
Project("{9A19103F-16F7-4668-BE54-9A1E7A4F7556}") = "R5T.T0131", "..\..\R5T.T0131\source\R5T.T0131\R5T.T0131.csproj", "{3427FB67-1EBF-42A3-9BC3-DB8F7E773B93}"
EndProject
Project("{9A19103F-16F7-4668-BE54-9A1E7A4F7556}") = "R5T.T0132", "..\..\R5T.T0132\source\R5T.T0132\R5T.T0132.csproj", "{D65BB10F-C564-4875-8BE1-DF35240DC3EA}"
EndProject
Project("{9A19103F-16F7-4668-BE54-9A1E7A4F7556}") = "R5T.T0142", "..\..\R5T.T0142\source\R5T.T0142\R5T.T0142.csproj", "{28905BA1-A193-4F3C-B25B-BF753443F19E}"
EndProject
Project("{9A19103F-16F7-4668-BE54-9A1E7A4F7556}") = "R5T.T0143", "..\..\R5T.T0143\source\R5T.T0143\R5T.T0143.csproj", "{FAFBA0E8-AA2F-4E03-9230-E7948742A09A}"
EndProject
Project("{9A19103F-16F7-4668-BE54-9A1E7A4F7556}") = "R5T.Y0000", "..\..\R5T.Y0000\source\R5T.Y0000\R5T.Y0000.csproj", "{551762C9-C3B7-4EFD-B2B4-CF633710774E}"
EndProject
Project("{9A19103F-16F7-4668-BE54-9A1E7A4F7556}") = "R5T.Z0000", "..\..\R5T.Z0000\source\R5T.Z0000\R5T.Z0000.csproj", "{9413B023-3E87-49BB-A689-0C8C755603FF}"
EndProject
Project("{9A19103F-16F7-4668-BE54-9A1E7A4F7556}") = "R5T.Z0023", "..\..\R5T.Z0023\source\R5T.Z0023\R5T.Z0023.csproj", "{332016DC-301A-4642-8B18-25E2EF534211}"
EndProject
Project("{9A19103F-16F7-4668-BE54-9A1E7A4F7556}") = "R5T.T0153.Z001", "..\..\R5T.T0153\source\R5T.T0153.Z001\R5T.T0153.Z001.csproj", "{B6917D55-D0EA-4C7F-8A8D-31C836BD42BE}"
EndProject
Project("{9A19103F-16F7-4668-BE54-9A1E7A4F7556}") = "R5T.F0089", "..\..\R5T.F0089\source\R5T.F0089\R5T.F0089.csproj", "{0FFFB9CB-F48D-4F03-84D4-588FA5D68A40}"
EndProject
Project("{9A19103F-16F7-4668-BE54-9A1E7A4F7556}") = "R5T.F0002", "..\..\R5T.F0002\source\R5T.F0002\R5T.F0002.csproj", "{8EBF520C-0D1E-4797-BBC1-ECA87427E104}"
EndProject
Project("{9A19103F-16F7-4668-BE54-9A1E7A4F7556}") = "R5T.F0040.F000", "..\..\R5T.F0040\source\R5T.F0040.F000\R5T.F0040.F000.csproj", "{0274C248-0615-4033-9489-2D04F2810C59}"
EndProject
Project("{9A19103F-16F7-4668-BE54-9A1E7A4F7556}") = "R5T.F0044", "..\..\R5T.F0044\source\R5T.F0044\R5T.F0044.csproj", "{87E91302-67E3-43A0-B664-4DE6FFA8140F}"
EndProject
Project("{9A19103F-16F7-4668-BE54-9A1E7A4F7556}") = "R5T.F0046", "..\..\R5T.F0046\source\R5T.F0046\R5T.F0046.csproj", "{632D93FC-A81D-436A-9844-0EFEADD1FD50}"
EndProject
Project("{9A19103F-16F7-4668-BE54-9A1E7A4F7556}") = "R5T.F0047", "..\..\R5T.F0047\source\R5T.F0047\R5T.F0047.csproj", "{9D9337D8-C288-4817-A632-1609DB28EF0D}"
EndProject
Project("{9A19103F-16F7-4668-BE54-9A1E7A4F7556}") = "R5T.F0048", "..\..\R5T.F0048\source\R5T.F0048\R5T.F0048.csproj", "{084D9F6A-4CD8-43C0-B192-22B19C486EBF}"
EndProject
Project("{9A19103F-16F7-4668-BE54-9A1E7A4F7556}") = "R5T.F0050", "..\..\R5T.F0050\source\R5T.F0050\R5T.F0050.csproj", "{6C474B86-6FD6-43D2-8C08-23049EEA6F54}"
EndProject
Project("{9A19103F-16F7-4668-BE54-9A1E7A4F7556}") = "R5T.F0052", "..\..\R5T.F0052\source\R5T.F0052\R5T.F0052.csproj", "{25EA7C87-9A35-44A4-9770-2C50E8AC0C08}"
EndProject
Project("{9A19103F-16F7-4668-BE54-9A1E7A4F7556}") = "R5T.F0053", "..\..\R5T.F0053\source\R5T.F0053\R5T.F0053.csproj", "{BC64CA9A-7D88-4B92-B014-15F67442765E}"
EndProject
Project("{9A19103F-16F7-4668-BE54-9A1E7A4F7556}") = "R5T.F0054", "..\..\R5T.F0054\source\R5T.F0054\R5T.F0054.csproj", "{0BBBFBBC-8016-427E-B427-656AB41EDE35}"
EndProject
Project("{9A19103F-16F7-4668-BE54-9A1E7A4F7556}") = "R5T.F0055", "..\..\R5T.F0055\source\R5T.F0055\R5T.F0055.csproj", "{4E17A2DE-A34F-47A3-B005-C5C8E492FC3C}"
EndProject
Project("{9A19103F-16F7-4668-BE54-9A1E7A4F7556}") = "R5T.F0057", "..\..\R5T.F0057\source\R5T.F0057\R5T.F0057.csproj", "{287FA7F7-5301-4019-86C6-54FAD7D6BE8B}"
EndProject
Project("{9A19103F-16F7-4668-BE54-9A1E7A4F7556}") = "R5T.T0153", "..\..\R5T.T0153\source\R5T.T0153\R5T.T0153.csproj", "{8D0FC612-27E6-4BB0-8DDE-48866B31D9C6}"
EndProject
Project("{9A19103F-16F7-4668-BE54-9A1E7A4F7556}") = "R5T.Z0013", "..\..\R5T.Z0013\source\R5T.Z0013\R5T.Z0013.csproj", "{61A31916-6547-49A4-847C-4AA922E37032}"
EndProject
Project("{9A19103F-16F7-4668-BE54-9A1E7A4F7556}") = "R5T.F0088", "..\..\R5T.F0088\source\R5T.F0088\R5T.F0088.csproj", "{2B7B8183-714C-4489-8BF4-7B65B704DDCE}"
EndProject
Project("{9A19103F-16F7-4668-BE54-9A1E7A4F7556}") = "R5T.F0087", "..\..\R5T.F0087\source\R5T.F0087\R5T.F0087.csproj", "{946918C7-1093-4B90-94ED-36649DD0F004}"
EndProject
Project("{9A19103F-16F7-4668-BE54-9A1E7A4F7556}") = "R5T.F0042.F002", "..\..\R5T.F0042\source\R5T.F0042.F002\R5T.F0042.F002.csproj", "{9297DEF4-9F4C-4D7E-986B-15EF95F2FA18}"
EndProject
Global
	GlobalSection(SolutionConfigurationPlatforms) = preSolution
		Debug|Any CPU = Debug|Any CPU
		Release|Any CPU = Release|Any CPU
	EndGlobalSection
	GlobalSection(ProjectConfigurationPlatforms) = postSolution
		{966B78E5-B2A7-451E-BDEA-5C461E8AD490}.Debug|Any CPU.ActiveCfg = Debug|Any CPU
		{966B78E5-B2A7-451E-BDEA-5C461E8AD490}.Debug|Any CPU.Build.0 = Debug|Any CPU
		{966B78E5-B2A7-451E-BDEA-5C461E8AD490}.Release|Any CPU.ActiveCfg = Release|Any CPU
		{966B78E5-B2A7-451E-BDEA-5C461E8AD490}.Release|Any CPU.Build.0 = Release|Any CPU
		{6427A9B4-9827-4139-9A8E-D3B6EBA26615}.Debug|Any CPU.ActiveCfg = Debug|Any CPU
		{6427A9B4-9827-4139-9A8E-D3B6EBA26615}.Debug|Any CPU.Build.0 = Debug|Any CPU
		{6427A9B4-9827-4139-9A8E-D3B6EBA26615}.Release|Any CPU.ActiveCfg = Release|Any CPU
		{6427A9B4-9827-4139-9A8E-D3B6EBA26615}.Release|Any CPU.Build.0 = Release|Any CPU
		{FB88CD7E-A067-4C7B-9F0D-9FECB42ABE37}.Debug|Any CPU.ActiveCfg = Debug|Any CPU
		{FB88CD7E-A067-4C7B-9F0D-9FECB42ABE37}.Debug|Any CPU.Build.0 = Debug|Any CPU
		{FB88CD7E-A067-4C7B-9F0D-9FECB42ABE37}.Release|Any CPU.ActiveCfg = Release|Any CPU
		{FB88CD7E-A067-4C7B-9F0D-9FECB42ABE37}.Release|Any CPU.Build.0 = Release|Any CPU
		{3427FB67-1EBF-42A3-9BC3-DB8F7E773B93}.Debug|Any CPU.ActiveCfg = Debug|Any CPU
		{3427FB67-1EBF-42A3-9BC3-DB8F7E773B93}.Debug|Any CPU.Build.0 = Debug|Any CPU
		{3427FB67-1EBF-42A3-9BC3-DB8F7E773B93}.Release|Any CPU.ActiveCfg = Release|Any CPU
		{3427FB67-1EBF-42A3-9BC3-DB8F7E773B93}.Release|Any CPU.Build.0 = Release|Any CPU
		{D65BB10F-C564-4875-8BE1-DF35240DC3EA}.Debug|Any CPU.ActiveCfg = Debug|Any CPU
		{D65BB10F-C564-4875-8BE1-DF35240DC3EA}.Debug|Any CPU.Build.0 = Debug|Any CPU
		{D65BB10F-C564-4875-8BE1-DF35240DC3EA}.Release|Any CPU.ActiveCfg = Release|Any CPU
		{D65BB10F-C564-4875-8BE1-DF35240DC3EA}.Release|Any CPU.Build.0 = Release|Any CPU
		{28905BA1-A193-4F3C-B25B-BF753443F19E}.Debug|Any CPU.ActiveCfg = Debug|Any CPU
		{28905BA1-A193-4F3C-B25B-BF753443F19E}.Debug|Any CPU.Build.0 = Debug|Any CPU
		{28905BA1-A193-4F3C-B25B-BF753443F19E}.Release|Any CPU.ActiveCfg = Release|Any CPU
		{28905BA1-A193-4F3C-B25B-BF753443F19E}.Release|Any CPU.Build.0 = Release|Any CPU
		{FAFBA0E8-AA2F-4E03-9230-E7948742A09A}.Debug|Any CPU.ActiveCfg = Debug|Any CPU
		{FAFBA0E8-AA2F-4E03-9230-E7948742A09A}.Debug|Any CPU.Build.0 = Debug|Any CPU
		{FAFBA0E8-AA2F-4E03-9230-E7948742A09A}.Release|Any CPU.ActiveCfg = Release|Any CPU
		{FAFBA0E8-AA2F-4E03-9230-E7948742A09A}.Release|Any CPU.Build.0 = Release|Any CPU
		{551762C9-C3B7-4EFD-B2B4-CF633710774E}.Debug|Any CPU.ActiveCfg = Debug|Any CPU
		{551762C9-C3B7-4EFD-B2B4-CF633710774E}.Debug|Any CPU.Build.0 = Debug|Any CPU
		{551762C9-C3B7-4EFD-B2B4-CF633710774E}.Release|Any CPU.ActiveCfg = Release|Any CPU
		{551762C9-C3B7-4EFD-B2B4-CF633710774E}.Release|Any CPU.Build.0 = Release|Any CPU
		{9413B023-3E87-49BB-A689-0C8C755603FF}.Debug|Any CPU.ActiveCfg = Debug|Any CPU
		{9413B023-3E87-49BB-A689-0C8C755603FF}.Debug|Any CPU.Build.0 = Debug|Any CPU
		{9413B023-3E87-49BB-A689-0C8C755603FF}.Release|Any CPU.ActiveCfg = Release|Any CPU
		{9413B023-3E87-49BB-A689-0C8C755603FF}.Release|Any CPU.Build.0 = Release|Any CPU
		{332016DC-301A-4642-8B18-25E2EF534211}.Debug|Any CPU.ActiveCfg = Debug|Any CPU
		{332016DC-301A-4642-8B18-25E2EF534211}.Debug|Any CPU.Build.0 = Debug|Any CPU
		{332016DC-301A-4642-8B18-25E2EF534211}.Release|Any CPU.ActiveCfg = Release|Any CPU
		{332016DC-301A-4642-8B18-25E2EF534211}.Release|Any CPU.Build.0 = Release|Any CPU
		{B6917D55-D0EA-4C7F-8A8D-31C836BD42BE}.Debug|Any CPU.ActiveCfg = Debug|Any CPU
		{B6917D55-D0EA-4C7F-8A8D-31C836BD42BE}.Debug|Any CPU.Build.0 = Debug|Any CPU
		{B6917D55-D0EA-4C7F-8A8D-31C836BD42BE}.Release|Any CPU.ActiveCfg = Release|Any CPU
		{B6917D55-D0EA-4C7F-8A8D-31C836BD42BE}.Release|Any CPU.Build.0 = Release|Any CPU
		{0FFFB9CB-F48D-4F03-84D4-588FA5D68A40}.Debug|Any CPU.ActiveCfg = Debug|Any CPU
		{0FFFB9CB-F48D-4F03-84D4-588FA5D68A40}.Debug|Any CPU.Build.0 = Debug|Any CPU
		{0FFFB9CB-F48D-4F03-84D4-588FA5D68A40}.Release|Any CPU.ActiveCfg = Release|Any CPU
		{0FFFB9CB-F48D-4F03-84D4-588FA5D68A40}.Release|Any CPU.Build.0 = Release|Any CPU
		{8EBF520C-0D1E-4797-BBC1-ECA87427E104}.Debug|Any CPU.ActiveCfg = Debug|Any CPU
		{8EBF520C-0D1E-4797-BBC1-ECA87427E104}.Debug|Any CPU.Build.0 = Debug|Any CPU
		{8EBF520C-0D1E-4797-BBC1-ECA87427E104}.Release|Any CPU.ActiveCfg = Release|Any CPU
		{8EBF520C-0D1E-4797-BBC1-ECA87427E104}.Release|Any CPU.Build.0 = Release|Any CPU
		{0274C248-0615-4033-9489-2D04F2810C59}.Debug|Any CPU.ActiveCfg = Debug|Any CPU
		{0274C248-0615-4033-9489-2D04F2810C59}.Debug|Any CPU.Build.0 = Debug|Any CPU
		{0274C248-0615-4033-9489-2D04F2810C59}.Release|Any CPU.ActiveCfg = Release|Any CPU
		{0274C248-0615-4033-9489-2D04F2810C59}.Release|Any CPU.Build.0 = Release|Any CPU
		{87E91302-67E3-43A0-B664-4DE6FFA8140F}.Debug|Any CPU.ActiveCfg = Debug|Any CPU
		{87E91302-67E3-43A0-B664-4DE6FFA8140F}.Debug|Any CPU.Build.0 = Debug|Any CPU
		{87E91302-67E3-43A0-B664-4DE6FFA8140F}.Release|Any CPU.ActiveCfg = Release|Any CPU
		{87E91302-67E3-43A0-B664-4DE6FFA8140F}.Release|Any CPU.Build.0 = Release|Any CPU
		{632D93FC-A81D-436A-9844-0EFEADD1FD50}.Debug|Any CPU.ActiveCfg = Debug|Any CPU
		{632D93FC-A81D-436A-9844-0EFEADD1FD50}.Debug|Any CPU.Build.0 = Debug|Any CPU
		{632D93FC-A81D-436A-9844-0EFEADD1FD50}.Release|Any CPU.ActiveCfg = Release|Any CPU
		{632D93FC-A81D-436A-9844-0EFEADD1FD50}.Release|Any CPU.Build.0 = Release|Any CPU
		{9D9337D8-C288-4817-A632-1609DB28EF0D}.Debug|Any CPU.ActiveCfg = Debug|Any CPU
		{9D9337D8-C288-4817-A632-1609DB28EF0D}.Debug|Any CPU.Build.0 = Debug|Any CPU
		{9D9337D8-C288-4817-A632-1609DB28EF0D}.Release|Any CPU.ActiveCfg = Release|Any CPU
		{9D9337D8-C288-4817-A632-1609DB28EF0D}.Release|Any CPU.Build.0 = Release|Any CPU
		{084D9F6A-4CD8-43C0-B192-22B19C486EBF}.Debug|Any CPU.ActiveCfg = Debug|Any CPU
		{084D9F6A-4CD8-43C0-B192-22B19C486EBF}.Debug|Any CPU.Build.0 = Debug|Any CPU
		{084D9F6A-4CD8-43C0-B192-22B19C486EBF}.Release|Any CPU.ActiveCfg = Release|Any CPU
		{084D9F6A-4CD8-43C0-B192-22B19C486EBF}.Release|Any CPU.Build.0 = Release|Any CPU
		{6C474B86-6FD6-43D2-8C08-23049EEA6F54}.Debug|Any CPU.ActiveCfg = Debug|Any CPU
		{6C474B86-6FD6-43D2-8C08-23049EEA6F54}.Debug|Any CPU.Build.0 = Debug|Any CPU
		{6C474B86-6FD6-43D2-8C08-23049EEA6F54}.Release|Any CPU.ActiveCfg = Release|Any CPU
		{6C474B86-6FD6-43D2-8C08-23049EEA6F54}.Release|Any CPU.Build.0 = Release|Any CPU
		{25EA7C87-9A35-44A4-9770-2C50E8AC0C08}.Debug|Any CPU.ActiveCfg = Debug|Any CPU
		{25EA7C87-9A35-44A4-9770-2C50E8AC0C08}.Debug|Any CPU.Build.0 = Debug|Any CPU
		{25EA7C87-9A35-44A4-9770-2C50E8AC0C08}.Release|Any CPU.ActiveCfg = Release|Any CPU
		{25EA7C87-9A35-44A4-9770-2C50E8AC0C08}.Release|Any CPU.Build.0 = Release|Any CPU
		{BC64CA9A-7D88-4B92-B014-15F67442765E}.Debug|Any CPU.ActiveCfg = Debug|Any CPU
		{BC64CA9A-7D88-4B92-B014-15F67442765E}.Debug|Any CPU.Build.0 = Debug|Any CPU
		{BC64CA9A-7D88-4B92-B014-15F67442765E}.Release|Any CPU.ActiveCfg = Release|Any CPU
		{BC64CA9A-7D88-4B92-B014-15F67442765E}.Release|Any CPU.Build.0 = Release|Any CPU
		{0BBBFBBC-8016-427E-B427-656AB41EDE35}.Debug|Any CPU.ActiveCfg = Debug|Any CPU
		{0BBBFBBC-8016-427E-B427-656AB41EDE35}.Debug|Any CPU.Build.0 = Debug|Any CPU
		{0BBBFBBC-8016-427E-B427-656AB41EDE35}.Release|Any CPU.ActiveCfg = Release|Any CPU
		{0BBBFBBC-8016-427E-B427-656AB41EDE35}.Release|Any CPU.Build.0 = Release|Any CPU
		{4E17A2DE-A34F-47A3-B005-C5C8E492FC3C}.Debug|Any CPU.ActiveCfg = Debug|Any CPU
		{4E17A2DE-A34F-47A3-B005-C5C8E492FC3C}.Debug|Any CPU.Build.0 = Debug|Any CPU
		{4E17A2DE-A34F-47A3-B005-C5C8E492FC3C}.Release|Any CPU.ActiveCfg = Release|Any CPU
		{4E17A2DE-A34F-47A3-B005-C5C8E492FC3C}.Release|Any CPU.Build.0 = Release|Any CPU
		{287FA7F7-5301-4019-86C6-54FAD7D6BE8B}.Debug|Any CPU.ActiveCfg = Debug|Any CPU
		{287FA7F7-5301-4019-86C6-54FAD7D6BE8B}.Debug|Any CPU.Build.0 = Debug|Any CPU
		{287FA7F7-5301-4019-86C6-54FAD7D6BE8B}.Release|Any CPU.ActiveCfg = Release|Any CPU
		{287FA7F7-5301-4019-86C6-54FAD7D6BE8B}.Release|Any CPU.Build.0 = Release|Any CPU
		{8D0FC612-27E6-4BB0-8DDE-48866B31D9C6}.Debug|Any CPU.ActiveCfg = Debug|Any CPU
		{8D0FC612-27E6-4BB0-8DDE-48866B31D9C6}.Debug|Any CPU.Build.0 = Debug|Any CPU
		{8D0FC612-27E6-4BB0-8DDE-48866B31D9C6}.Release|Any CPU.ActiveCfg = Release|Any CPU
		{8D0FC612-27E6-4BB0-8DDE-48866B31D9C6}.Release|Any CPU.Build.0 = Release|Any CPU
		{61A31916-6547-49A4-847C-4AA922E37032}.Debug|Any CPU.ActiveCfg = Debug|Any CPU
		{61A31916-6547-49A4-847C-4AA922E37032}.Debug|Any CPU.Build.0 = Debug|Any CPU
		{61A31916-6547-49A4-847C-4AA922E37032}.Release|Any CPU.ActiveCfg = Release|Any CPU
		{61A31916-6547-49A4-847C-4AA922E37032}.Release|Any CPU.Build.0 = Release|Any CPU
		{2B7B8183-714C-4489-8BF4-7B65B704DDCE}.Debug|Any CPU.ActiveCfg = Debug|Any CPU
		{2B7B8183-714C-4489-8BF4-7B65B704DDCE}.Debug|Any CPU.Build.0 = Debug|Any CPU
		{2B7B8183-714C-4489-8BF4-7B65B704DDCE}.Release|Any CPU.ActiveCfg = Release|Any CPU
		{2B7B8183-714C-4489-8BF4-7B65B704DDCE}.Release|Any CPU.Build.0 = Release|Any CPU
		{946918C7-1093-4B90-94ED-36649DD0F004}.Debug|Any CPU.ActiveCfg = Debug|Any CPU
		{946918C7-1093-4B90-94ED-36649DD0F004}.Debug|Any CPU.Build.0 = Debug|Any CPU
		{946918C7-1093-4B90-94ED-36649DD0F004}.Release|Any CPU.ActiveCfg = Release|Any CPU
		{946918C7-1093-4B90-94ED-36649DD0F004}.Release|Any CPU.Build.0 = Release|Any CPU
		{9297DEF4-9F4C-4D7E-986B-15EF95F2FA18}.Debug|Any CPU.ActiveCfg = Debug|Any CPU
		{9297DEF4-9F4C-4D7E-986B-15EF95F2FA18}.Debug|Any CPU.Build.0 = Debug|Any CPU
		{9297DEF4-9F4C-4D7E-986B-15EF95F2FA18}.Release|Any CPU.ActiveCfg = Release|Any CPU
		{9297DEF4-9F4C-4D7E-986B-15EF95F2FA18}.Release|Any CPU.Build.0 = Release|Any CPU
	EndGlobalSection
	GlobalSection(SolutionProperties) = preSolution
		HideSolutionNode = FALSE
	EndGlobalSection
	GlobalSection(NestedProjects) = preSolution
		{6427A9B4-9827-4139-9A8E-D3B6EBA26615} = {004019C2-95D1-4039-B380-D375BE278754}
		{FB88CD7E-A067-4C7B-9F0D-9FECB42ABE37} = {004019C2-95D1-4039-B380-D375BE278754}
		{3427FB67-1EBF-42A3-9BC3-DB8F7E773B93} = {004019C2-95D1-4039-B380-D375BE278754}
		{D65BB10F-C564-4875-8BE1-DF35240DC3EA} = {004019C2-95D1-4039-B380-D375BE278754}
		{28905BA1-A193-4F3C-B25B-BF753443F19E} = {004019C2-95D1-4039-B380-D375BE278754}
		{FAFBA0E8-AA2F-4E03-9230-E7948742A09A} = {004019C2-95D1-4039-B380-D375BE278754}
		{551762C9-C3B7-4EFD-B2B4-CF633710774E} = {004019C2-95D1-4039-B380-D375BE278754}
		{9413B023-3E87-49BB-A689-0C8C755603FF} = {004019C2-95D1-4039-B380-D375BE278754}
		{332016DC-301A-4642-8B18-25E2EF534211} = {004019C2-95D1-4039-B380-D375BE278754}
		{B6917D55-D0EA-4C7F-8A8D-31C836BD42BE} = {004019C2-95D1-4039-B380-D375BE278754}
		{0FFFB9CB-F48D-4F03-84D4-588FA5D68A40} = {004019C2-95D1-4039-B380-D375BE278754}
		{8EBF520C-0D1E-4797-BBC1-ECA87427E104} = {004019C2-95D1-4039-B380-D375BE278754}
		{0274C248-0615-4033-9489-2D04F2810C59} = {004019C2-95D1-4039-B380-D375BE278754}
		{87E91302-67E3-43A0-B664-4DE6FFA8140F} = {004019C2-95D1-4039-B380-D375BE278754}
		{632D93FC-A81D-436A-9844-0EFEADD1FD50} = {004019C2-95D1-4039-B380-D375BE278754}
		{9D9337D8-C288-4817-A632-1609DB28EF0D} = {004019C2-95D1-4039-B380-D375BE278754}
		{084D9F6A-4CD8-43C0-B192-22B19C486EBF} = {004019C2-95D1-4039-B380-D375BE278754}
		{6C474B86-6FD6-43D2-8C08-23049EEA6F54} = {004019C2-95D1-4039-B380-D375BE278754}
		{25EA7C87-9A35-44A4-9770-2C50E8AC0C08} = {004019C2-95D1-4039-B380-D375BE278754}
		{BC64CA9A-7D88-4B92-B014-15F67442765E} = {004019C2-95D1-4039-B380-D375BE278754}
		{0BBBFBBC-8016-427E-B427-656AB41EDE35} = {004019C2-95D1-4039-B380-D375BE278754}
		{4E17A2DE-A34F-47A3-B005-C5C8E492FC3C} = {004019C2-95D1-4039-B380-D375BE278754}
		{287FA7F7-5301-4019-86C6-54FAD7D6BE8B} = {004019C2-95D1-4039-B380-D375BE278754}
		{8D0FC612-27E6-4BB0-8DDE-48866B31D9C6} = {004019C2-95D1-4039-B380-D375BE278754}
		{61A31916-6547-49A4-847C-4AA922E37032} = {004019C2-95D1-4039-B380-D375BE278754}
		{2B7B8183-714C-4489-8BF4-7B65B704DDCE} = {004019C2-95D1-4039-B380-D375BE278754}
		{946918C7-1093-4B90-94ED-36649DD0F004} = {004019C2-95D1-4039-B380-D375BE278754}
		{9297DEF4-9F4C-4D7E-986B-15EF95F2FA18} = {004019C2-95D1-4039-B380-D375BE278754}
	EndGlobalSection
	GlobalSection(ExtensibilityGlobals) = postSolution
		SolutionGuid = {FACE3719-9695-46E7-BDC8-669F8BBBF267}
	EndGlobalSection
EndGlobal
